
Microsoft Visual Studio Solution File, Format Version 12.00
Project("{FAE04EC0-301F-11D3-BF4B-00C04F79EFBC}") = "ExpenseTracker", "ExpenseTracker\ExpenseTracker.csproj", "{788EAE9A-56D6-485F-9881-EE7F01949ABB}"
EndProject
Global
	GlobalSection(SolutionConfigurationPlatforms) = preSolution
		Debug|Any CPU = Debug|Any CPU
		Release|Any CPU = Release|Any CPU
	EndGlobalSection
	GlobalSection(ProjectConfigurationPlatforms) = postSolution
		{788EAE9A-56D6-485F-9881-EE7F01949ABB}.Debug|Any CPU.ActiveCfg = Debug|Any CPU
		{788EAE9A-56D6-485F-9881-EE7F01949ABB}.Debug|Any CPU.Build.0 = Debug|Any CPU
		{788EAE9A-56D6-485F-9881-EE7F01949ABB}.Release|Any CPU.ActiveCfg = Release|Any CPU
		{788EAE9A-56D6-485F-9881-EE7F01949ABB}.Release|Any CPU.Build.0 = Release|Any CPU
	EndGlobalSection
EndGlobal
